// !$*UTF8*$!
{
	archiveVersion = 1;
	classes = {
	};
	objectVersion = 55;
	objects = {

/* Begin PBXBuildFile section */
		C41B8FF0279D09C400089D38 /* AppDelegate.swift in Sources */ = {isa = PBXBuildFile; fileRef = C41B8FEF279D09C400089D38 /* AppDelegate.swift */; };
		C41B8FF2279D09C400089D38 /* SceneDelegate.swift in Sources */ = {isa = PBXBuildFile; fileRef = C41B8FF1279D09C400089D38 /* SceneDelegate.swift */; };
		C41B8FF7279D09C400089D38 /* Main.storyboard in Resources */ = {isa = PBXBuildFile; fileRef = C41B8FF5279D09C400089D38 /* Main.storyboard */; };
		C41B8FF9279D09C700089D38 /* Assets.xcassets in Resources */ = {isa = PBXBuildFile; fileRef = C41B8FF8279D09C700089D38 /* Assets.xcassets */; };
		C41B8FFC279D09C700089D38 /* LaunchScreen.storyboard in Resources */ = {isa = PBXBuildFile; fileRef = C41B8FFA279D09C700089D38 /* LaunchScreen.storyboard */; };
		C41B9009279EA14600089D38 /* Categories.swift in Sources */ = {isa = PBXBuildFile; fileRef = C41B9008279EA14600089D38 /* Categories.swift */; };
		C41B900C279EA27600089D38 /* NetworkManager.swift in Sources */ = {isa = PBXBuildFile; fileRef = C41B900B279EA27600089D38 /* NetworkManager.swift */; };
		C41B900E279EBD1A00089D38 /* MenuTableViewController.swift in Sources */ = {isa = PBXBuildFile; fileRef = C41B900D279EBD1A00089D38 /* MenuTableViewController.swift */; };
		C41B901027A01ECB00089D38 /* CellManager.swift in Sources */ = {isa = PBXBuildFile; fileRef = C41B900F27A01ECB00089D38 /* CellManager.swift */; };
		C41B901227A0223700089D38 /* MenuItem.swift in Sources */ = {isa = PBXBuildFile; fileRef = C41B901127A0223700089D38 /* MenuItem.swift */; };
		C41B901427A0226B00089D38 /* MenuItems.swift in Sources */ = {isa = PBXBuildFile; fileRef = C41B901327A0226B00089D38 /* MenuItems.swift */; };
		C41B901827A0325C00089D38 /* URL+Extension.swift in Sources */ = {isa = PBXBuildFile; fileRef = C41B901727A0325C00089D38 /* URL+Extension.swift */; };
/* End PBXBuildFile section */

/* Begin PBXFileReference section */
		C41B8FEC279D09C400089D38 /* Restaurant.app */ = {isa = PBXFileReference; explicitFileType = wrapper.application; includeInIndex = 0; path = Restaurant.app; sourceTree = BUILT_PRODUCTS_DIR; };
		C41B8FEF279D09C400089D38 /* AppDelegate.swift */ = {isa = PBXFileReference; lastKnownFileType = sourcecode.swift; path = AppDelegate.swift; sourceTree = "<group>"; };
		C41B8FF1279D09C400089D38 /* SceneDelegate.swift */ = {isa = PBXFileReference; lastKnownFileType = sourcecode.swift; path = SceneDelegate.swift; sourceTree = "<group>"; };
		C41B8FF6279D09C400089D38 /* Base */ = {isa = PBXFileReference; lastKnownFileType = file.storyboard; name = Base; path = Base.lproj/Main.storyboard; sourceTree = "<group>"; };
		C41B8FF8279D09C700089D38 /* Assets.xcassets */ = {isa = PBXFileReference; lastKnownFileType = folder.assetcatalog; path = Assets.xcassets; sourceTree = "<group>"; };
		C41B8FFB279D09C700089D38 /* Base */ = {isa = PBXFileReference; lastKnownFileType = file.storyboard; name = Base; path = Base.lproj/LaunchScreen.storyboard; sourceTree = "<group>"; };
		C41B8FFD279D09C700089D38 /* Info.plist */ = {isa = PBXFileReference; lastKnownFileType = text.plist.xml; path = Info.plist; sourceTree = "<group>"; };
		C41B9008279EA14600089D38 /* Categories.swift */ = {isa = PBXFileReference; lastKnownFileType = sourcecode.swift; path = Categories.swift; sourceTree = "<group>"; };
		C41B900B279EA27600089D38 /* NetworkManager.swift */ = {isa = PBXFileReference; lastKnownFileType = sourcecode.swift; path = NetworkManager.swift; sourceTree = "<group>"; };
		C41B900D279EBD1A00089D38 /* MenuTableViewController.swift */ = {isa = PBXFileReference; lastKnownFileType = sourcecode.swift; path = MenuTableViewController.swift; sourceTree = "<group>"; };
		C41B900F27A01ECB00089D38 /* CellManager.swift */ = {isa = PBXFileReference; lastKnownFileType = sourcecode.swift; path = CellManager.swift; sourceTree = "<group>"; };
		C41B901127A0223700089D38 /* MenuItem.swift */ = {isa = PBXFileReference; lastKnownFileType = sourcecode.swift; path = MenuItem.swift; sourceTree = "<group>"; };
		C41B901327A0226B00089D38 /* MenuItems.swift */ = {isa = PBXFileReference; lastKnownFileType = sourcecode.swift; path = MenuItems.swift; sourceTree = "<group>"; };
		C41B901727A0325C00089D38 /* URL+Extension.swift */ = {isa = PBXFileReference; lastKnownFileType = sourcecode.swift; path = "URL+Extension.swift"; sourceTree = "<group>"; };
/* End PBXFileReference section */

/* Begin PBXFrameworksBuildPhase section */
		C41B8FE9279D09C400089D38 /* Frameworks */ = {
			isa = PBXFrameworksBuildPhase;
			buildActionMask = 2147483647;
			files = (
			);
			runOnlyForDeploymentPostprocessing = 0;
		};
/* End PBXFrameworksBuildPhase section */

/* Begin PBXGroup section */
		C41B8FE3279D09C400089D38 = {
			isa = PBXGroup;
			children = (
				C41B8FEE279D09C400089D38 /* Restaurant */,
				C41B8FED279D09C400089D38 /* Products */,
			);
			sourceTree = "<group>";
		};
		C41B8FED279D09C400089D38 /* Products */ = {
			isa = PBXGroup;
			children = (
				C41B8FEC279D09C400089D38 /* Restaurant.app */,
			);
			name = Products;
			sourceTree = "<group>";
		};
		C41B8FEE279D09C400089D38 /* Restaurant */ = {
			isa = PBXGroup;
			children = (
				C41B9003279D0A4700089D38 /* App */,
				C41B9004279D0AB400089D38 /* Controllers */,
				C41B901527A0321100089D38 /* Extensions */,
				C41B900A279EA21A00089D38 /* Manager */,
				C41B9007279EA10E00089D38 /* Models */,
				C41B9006279D0B2100089D38 /* Resources */,
				C41B9005279D0B0C00089D38 /* Storyboards */,
			);
			path = Restaurant;
			sourceTree = "<group>";
		};
		C41B9003279D0A4700089D38 /* App */ = {
			isa = PBXGroup;
			children = (
				C41B8FEF279D09C400089D38 /* AppDelegate.swift */,
				C41B8FFD279D09C700089D38 /* Info.plist */,
			);
			path = App;
			sourceTree = "<group>";
		};
		C41B9004279D0AB400089D38 /* Controllers */ = {
			isa = PBXGroup;
			children = (
				C41B8FF1279D09C400089D38 /* SceneDelegate.swift */,
				C41B900D279EBD1A00089D38 /* MenuTableViewController.swift */,
			);
			path = Controllers;
			sourceTree = "<group>";
		};
		C41B9005279D0B0C00089D38 /* Storyboards */ = {
			isa = PBXGroup;
			children = (
				C41B8FF5279D09C400089D38 /* Main.storyboard */,
				C41B8FFA279D09C700089D38 /* LaunchScreen.storyboard */,
			);
			path = Storyboards;
			sourceTree = "<group>";
		};
		C41B9006279D0B2100089D38 /* Resources */ = {
			isa = PBXGroup;
			children = (
				C41B8FF8279D09C700089D38 /* Assets.xcassets */,
			);
			path = Resources;
			sourceTree = "<group>";
		};
		C41B9007279EA10E00089D38 /* Models */ = {
			isa = PBXGroup;
			children = (
				C41B9008279EA14600089D38 /* Categories.swift */,
				C41B901127A0223700089D38 /* MenuItem.swift */,
				C41B901327A0226B00089D38 /* MenuItems.swift */,
			);
			path = Models;
			sourceTree = "<group>";
		};
		C41B900A279EA21A00089D38 /* Manager */ = {
			isa = PBXGroup;
			children = (
				C41B900F27A01ECB00089D38 /* CellManager.swift */,
				C41B900B279EA27600089D38 /* NetworkManager.swift */,
			);
			path = Manager;
			sourceTree = "<group>";
		};
		C41B901527A0321100089D38 /* Extensions */ = {
			isa = PBXGroup;
			children = (
				C41B901727A0325C00089D38 /* URL+Extension.swift */,
			);
			path = Extensions;
			sourceTree = "<group>";
		};
/* End PBXGroup section */

/* Begin PBXNativeTarget section */
		C41B8FEB279D09C400089D38 /* Restaurant */ = {
			isa = PBXNativeTarget;
			buildConfigurationList = C41B9000279D09C700089D38 /* Build configuration list for PBXNativeTarget "Restaurant" */;
			buildPhases = (
				C41B8FE8279D09C400089D38 /* Sources */,
				C41B8FE9279D09C400089D38 /* Frameworks */,
				C41B8FEA279D09C400089D38 /* Resources */,
			);
			buildRules = (
			);
			dependencies = (
			);
			name = Restaurant;
			productName = Restaurant;
			productReference = C41B8FEC279D09C400089D38 /* Restaurant.app */;
			productType = "com.apple.product-type.application";
		};
/* End PBXNativeTarget section */

/* Begin PBXProject section */
		C41B8FE4279D09C400089D38 /* Project object */ = {
			isa = PBXProject;
			attributes = {
				BuildIndependentTargetsInParallel = 1;
				LastSwiftUpdateCheck = 1310;
				LastUpgradeCheck = 1310;
				TargetAttributes = {
					C41B8FEB279D09C400089D38 = {
						CreatedOnToolsVersion = 13.1;
					};
				};
			};
			buildConfigurationList = C41B8FE7279D09C400089D38 /* Build configuration list for PBXProject "Restaurant" */;
			compatibilityVersion = "Xcode 13.0";
			developmentRegion = en;
			hasScannedForEncodings = 0;
			knownRegions = (
				en,
				Base,
			);
			mainGroup = C41B8FE3279D09C400089D38;
			productRefGroup = C41B8FED279D09C400089D38 /* Products */;
			projectDirPath = "";
			projectRoot = "";
			targets = (
				C41B8FEB279D09C400089D38 /* Restaurant */,
			);
		};
/* End PBXProject section */

/* Begin PBXResourcesBuildPhase section */
		C41B8FEA279D09C400089D38 /* Resources */ = {
			isa = PBXResourcesBuildPhase;
			buildActionMask = 2147483647;
			files = (
				C41B8FFC279D09C700089D38 /* LaunchScreen.storyboard in Resources */,
				C41B8FF9279D09C700089D38 /* Assets.xcassets in Resources */,
				C41B8FF7279D09C400089D38 /* Main.storyboard in Resources */,
			);
			runOnlyForDeploymentPostprocessing = 0;
		};
/* End PBXResourcesBuildPhase section */

/* Begin PBXSourcesBuildPhase section */
		C41B8FE8279D09C400089D38 /* Sources */ = {
			isa = PBXSourcesBuildPhase;
			buildActionMask = 2147483647;
			files = (
				C41B901227A0223700089D38 /* MenuItem.swift in Sources */,
				C41B901427A0226B00089D38 /* MenuItems.swift in Sources */,
				C41B900C279EA27600089D38 /* NetworkManager.swift in Sources */,
				C41B901027A01ECB00089D38 /* CellManager.swift in Sources */,
				C41B9009279EA14600089D38 /* Categories.swift in Sources */,
				C41B901827A0325C00089D38 /* URL+Extension.swift in Sources */,
				C41B900E279EBD1A00089D38 /* MenuTableViewController.swift in Sources */,
				C41B8FF0279D09C400089D38 /* AppDelegate.swift in Sources */,
				C41B8FF2279D09C400089D38 /* SceneDelegate.swift in Sources */,
			);
			runOnlyForDeploymentPostprocessing = 0;
		};
/* End PBXSourcesBuildPhase section */

/* Begin PBXVariantGroup section */
		C41B8FF5279D09C400089D38 /* Main.storyboard */ = {
			isa = PBXVariantGroup;
			children = (
				C41B8FF6279D09C400089D38 /* Base */,
			);
			name = Main.storyboard;
			sourceTree = "<group>";
		};
		C41B8FFA279D09C700089D38 /* LaunchScreen.storyboard */ = {
			isa = PBXVariantGroup;
			children = (
				C41B8FFB279D09C700089D38 /* Base */,
			);
			name = LaunchScreen.storyboard;
			sourceTree = "<group>";
		};
/* End PBXVariantGroup section */

/* Begin XCBuildConfiguration section */
		C41B8FFE279D09C700089D38 /* Debug */ = {
			isa = XCBuildConfiguration;
			buildSettings = {
				ALWAYS_SEARCH_USER_PATHS = NO;
				CLANG_ANALYZER_NONNULL = YES;
				CLANG_ANALYZER_NUMBER_OBJECT_CONVERSION = YES_AGGRESSIVE;
				CLANG_CXX_LANGUAGE_STANDARD = "gnu++17";
				CLANG_CXX_LIBRARY = "libc++";
				CLANG_ENABLE_MODULES = YES;
				CLANG_ENABLE_OBJC_ARC = YES;
				CLANG_ENABLE_OBJC_WEAK = YES;
				CLANG_WARN_BLOCK_CAPTURE_AUTORELEASING = YES;
				CLANG_WARN_BOOL_CONVERSION = YES;
				CLANG_WARN_COMMA = YES;
				CLANG_WARN_CONSTANT_CONVERSION = YES;
				CLANG_WARN_DEPRECATED_OBJC_IMPLEMENTATIONS = YES;
				CLANG_WARN_DIRECT_OBJC_ISA_USAGE = YES_ERROR;
				CLANG_WARN_DOCUMENTATION_COMMENTS = YES;
				CLANG_WARN_EMPTY_BODY = YES;
				CLANG_WARN_ENUM_CONVERSION = YES;
				CLANG_WARN_INFINITE_RECURSION = YES;
				CLANG_WARN_INT_CONVERSION = YES;
				CLANG_WARN_NON_LITERAL_NULL_CONVERSION = YES;
				CLANG_WARN_OBJC_IMPLICIT_RETAIN_SELF = YES;
				CLANG_WARN_OBJC_LITERAL_CONVERSION = YES;
				CLANG_WARN_OBJC_ROOT_CLASS = YES_ERROR;
				CLANG_WARN_QUOTED_INCLUDE_IN_FRAMEWORK_HEADER = YES;
				CLANG_WARN_RANGE_LOOP_ANALYSIS = YES;
				CLANG_WARN_STRICT_PROTOTYPES = YES;
				CLANG_WARN_SUSPICIOUS_MOVE = YES;
				CLANG_WARN_UNGUARDED_AVAILABILITY = YES_AGGRESSIVE;
				CLANG_WARN_UNREACHABLE_CODE = YES;
				CLANG_WARN__DUPLICATE_METHOD_MATCH = YES;
				COPY_PHASE_STRIP = NO;
				DEBUG_INFORMATION_FORMAT = dwarf;
				ENABLE_STRICT_OBJC_MSGSEND = YES;
				ENABLE_TESTABILITY = YES;
				GCC_C_LANGUAGE_STANDARD = gnu11;
				GCC_DYNAMIC_NO_PIC = NO;
				GCC_NO_COMMON_BLOCKS = YES;
				GCC_OPTIMIZATION_LEVEL = 0;
				GCC_PREPROCESSOR_DEFINITIONS = (
					"DEBUG=1",
					"$(inherited)",
				);
				GCC_WARN_64_TO_32_BIT_CONVERSION = YES;
				GCC_WARN_ABOUT_RETURN_TYPE = YES_ERROR;
				GCC_WARN_UNDECLARED_SELECTOR = YES;
				GCC_WARN_UNINITIALIZED_AUTOS = YES_AGGRESSIVE;
				GCC_WARN_UNUSED_FUNCTION = YES;
				GCC_WARN_UNUSED_VARIABLE = YES;
				IPHONEOS_DEPLOYMENT_TARGET = 15.0;
				MTL_ENABLE_DEBUG_INFO = INCLUDE_SOURCE;
				MTL_FAST_MATH = YES;
				ONLY_ACTIVE_ARCH = YES;
				SDKROOT = iphoneos;
				SWIFT_ACTIVE_COMPILATION_CONDITIONS = DEBUG;
				SWIFT_OPTIMIZATION_LEVEL = "-Onone";
			};
			name = Debug;
		};
		C41B8FFF279D09C700089D38 /* Release */ = {
			isa = XCBuildConfiguration;
			buildSettings = {
				ALWAYS_SEARCH_USER_PATHS = NO;
				CLANG_ANALYZER_NONNULL = YES;
				CLANG_ANALYZER_NUMBER_OBJECT_CONVERSION = YES_AGGRESSIVE;
				CLANG_CXX_LANGUAGE_STANDARD = "gnu++17";
				CLANG_CXX_LIBRARY = "libc++";
				CLANG_ENABLE_MODULES = YES;
				CLANG_ENABLE_OBJC_ARC = YES;
				CLANG_ENABLE_OBJC_WEAK = YES;
				CLANG_WARN_BLOCK_CAPTURE_AUTORELEASING = YES;
				CLANG_WARN_BOOL_CONVERSION = YES;
				CLANG_WARN_COMMA = YES;
				CLANG_WARN_CONSTANT_CONVERSION = YES;
				CLANG_WARN_DEPRECATED_OBJC_IMPLEMENTATIONS = YES;
				CLANG_WARN_DIRECT_OBJC_ISA_USAGE = YES_ERROR;
				CLANG_WARN_DOCUMENTATION_COMMENTS = YES;
				CLANG_WARN_EMPTY_BODY = YES;
				CLANG_WARN_ENUM_CONVERSION = YES;
				CLANG_WARN_INFINITE_RECURSION = YES;
				CLANG_WARN_INT_CONVERSION = YES;
				CLANG_WARN_NON_LITERAL_NULL_CONVERSION = YES;
				CLANG_WARN_OBJC_IMPLICIT_RETAIN_SELF = YES;
				CLANG_WARN_OBJC_LITERAL_CONVERSION = YES;
				CLANG_WARN_OBJC_ROOT_CLASS = YES_ERROR;
				CLANG_WARN_QUOTED_INCLUDE_IN_FRAMEWORK_HEADER = YES;
				CLANG_WARN_RANGE_LOOP_ANALYSIS = YES;
				CLANG_WARN_STRICT_PROTOTYPES = YES;
				CLANG_WARN_SUSPICIOUS_MOVE = YES;
				CLANG_WARN_UNGUARDED_AVAILABILITY = YES_AGGRESSIVE;
				CLANG_WARN_UNREACHABLE_CODE = YES;
				CLANG_WARN__DUPLICATE_METHOD_MATCH = YES;
				COPY_PHASE_STRIP = NO;
				DEBUG_INFORMATION_FORMAT = "dwarf-with-dsym";
				ENABLE_NS_ASSERTIONS = NO;
				ENABLE_STRICT_OBJC_MSGSEND = YES;
				GCC_C_LANGUAGE_STANDARD = gnu11;
				GCC_NO_COMMON_BLOCKS = YES;
				GCC_WARN_64_TO_32_BIT_CONVERSION = YES;
				GCC_WARN_ABOUT_RETURN_TYPE = YES_ERROR;
				GCC_WARN_UNDECLARED_SELECTOR = YES;
				GCC_WARN_UNINITIALIZED_AUTOS = YES_AGGRESSIVE;
				GCC_WARN_UNUSED_FUNCTION = YES;
				GCC_WARN_UNUSED_VARIABLE = YES;
				IPHONEOS_DEPLOYMENT_TARGET = 15.0;
				MTL_ENABLE_DEBUG_INFO = NO;
				MTL_FAST_MATH = YES;
				SDKROOT = iphoneos;
				SWIFT_COMPILATION_MODE = wholemodule;
				SWIFT_OPTIMIZATION_LEVEL = "-O";
				VALIDATE_PRODUCT = YES;
			};
			name = Release;
		};
		C41B9001279D09C700089D38 /* Debug */ = {
			isa = XCBuildConfiguration;
			buildSettings = {
				ASSETCATALOG_COMPILER_APPICON_NAME = AppIcon;
				ASSETCATALOG_COMPILER_GLOBAL_ACCENT_COLOR_NAME = AccentColor;
				CODE_SIGN_STYLE = Automatic;
				CURRENT_PROJECT_VERSION = 1;
				DEVELOPMENT_TEAM = 9V3TAVF7A9;
				GENERATE_INFOPLIST_FILE = YES;
				INFOPLIST_FILE = Restaurant/App/Info.plist;
				INFOPLIST_KEY_UIApplicationSupportsIndirectInputEvents = YES;
				INFOPLIST_KEY_UILaunchStoryboardName = LaunchScreen;
				INFOPLIST_KEY_UIMainStoryboardFile = Main;
				INFOPLIST_KEY_UISupportedInterfaceOrientations_iPad = "UIInterfaceOrientationPortrait UIInterfaceOrientationPortraitUpsideDown UIInterfaceOrientationLandscapeLeft UIInterfaceOrientationLandscapeRight";
				INFOPLIST_KEY_UISupportedInterfaceOrientations_iPhone = "UIInterfaceOrientationPortrait UIInterfaceOrientationLandscapeLeft UIInterfaceOrientationLandscapeRight";
				LD_RUNPATH_SEARCH_PATHS = (
					"$(inherited)",
					"@executable_path/Frameworks",
				);
				MARKETING_VERSION = 1.0;
				PRODUCT_BUNDLE_IDENTIFIER = app8bob.Restaurant;
				PRODUCT_NAME = "$(TARGET_NAME)";
				SWIFT_EMIT_LOC_STRINGS = YES;
				SWIFT_VERSION = 5.0;
				TARGETED_DEVICE_FAMILY = "1,2";
			};
			name = Debug;
		};
		C41B9002279D09C700089D38 /* Release */ = {
			isa = XCBuildConfiguration;
			buildSettings = {
				ASSETCATALOG_COMPILER_APPICON_NAME = AppIcon;
				ASSETCATALOG_COMPILER_GLOBAL_ACCENT_COLOR_NAME = AccentColor;
				CODE_SIGN_STYLE = Automatic;
				CURRENT_PROJECT_VERSION = 1;
				DEVELOPMENT_TEAM = 9V3TAVF7A9;
				GENERATE_INFOPLIST_FILE = YES;
				INFOPLIST_FILE = Restaurant/App/Info.plist;
				INFOPLIST_KEY_UIApplicationSupportsIndirectInputEvents = YES;
				INFOPLIST_KEY_UILaunchStoryboardName = LaunchScreen;
				INFOPLIST_KEY_UIMainStoryboardFile = Main;
				INFOPLIST_KEY_UISupportedInterfaceOrientations_iPad = "UIInterfaceOrientationPortrait UIInterfaceOrientationPortraitUpsideDown UIInterfaceOrientationLandscapeLeft UIInterfaceOrientationLandscapeRight";
				INFOPLIST_KEY_UISupportedInterfaceOrientations_iPhone = "UIInterfaceOrientationPortrait UIInterfaceOrientationLandscapeLeft UIInterfaceOrientationLandscapeRight";
				LD_RUNPATH_SEARCH_PATHS = (
					"$(inherited)",
					"@executable_path/Frameworks",
				);
				MARKETING_VERSION = 1.0;
				PRODUCT_BUNDLE_IDENTIFIER = app8bob.Restaurant;
				PRODUCT_NAME = "$(TARGET_NAME)";
				SWIFT_EMIT_LOC_STRINGS = YES;
				SWIFT_VERSION = 5.0;
				TARGETED_DEVICE_FAMILY = "1,2";
			};
			name = Release;
		};
/* End XCBuildConfiguration section */

/* Begin XCConfigurationList section */
		C41B8FE7279D09C400089D38 /* Build configuration list for PBXProject "Restaurant" */ = {
			isa = XCConfigurationList;
			buildConfigurations = (
				C41B8FFE279D09C700089D38 /* Debug */,
				C41B8FFF279D09C700089D38 /* Release */,
			);
			defaultConfigurationIsVisible = 0;
			defaultConfigurationName = Release;
		};
		C41B9000279D09C700089D38 /* Build configuration list for PBXNativeTarget "Restaurant" */ = {
			isa = XCConfigurationList;
			buildConfigurations = (
				C41B9001279D09C700089D38 /* Debug */,
				C41B9002279D09C700089D38 /* Release */,
			);
			defaultConfigurationIsVisible = 0;
			defaultConfigurationName = Release;
		};
/* End XCConfigurationList section */
	};
	rootObject = C41B8FE4279D09C400089D38 /* Project object */;
}
